// !$*UTF8*$!
{
	archiveVersion = 1;
	classes = {
	};
	objectVersion = 46;
	objects = {

/* Begin PBXBuildFile section */
		A82619251C41CAF60012CE8D /* bg.png in Resources */ = {isa = PBXBuildFile; fileRef = A82619241C41CAF60012CE8D /* bg.png */; };
		A826D5371C5098E300713F01 /* BlogViewController.swift in Sources */ = {isa = PBXBuildFile; fileRef = A826D5361C5098E300713F01 /* BlogViewController.swift */; };
		A84E079E1C50D18C006C443B /* StoreCollectionViewCell.swift in Sources */ = {isa = PBXBuildFile; fileRef = A84E079D1C50D18C006C443B /* StoreCollectionViewCell.swift */; };
		A84E07A01C50D1D0006C443B /* StoreItemViewController.swift in Sources */ = {isa = PBXBuildFile; fileRef = A84E079F1C50D1D0006C443B /* StoreItemViewController.swift */; };
		A84E07A31C50D57F006C443B /* tee.png in Resources */ = {isa = PBXBuildFile; fileRef = A84E07A11C50D57F006C443B /* tee.png */; };
		A84E07A41C50D57F006C443B /* hoodie.png in Resources */ = {isa = PBXBuildFile; fileRef = A84E07A21C50D57F006C443B /* hoodie.png */; };
		A86FA39A1C4070E9009BFF65 /* MyMovie1.mov in Resources */ = {isa = PBXBuildFile; fileRef = A86FA3991C4070E9009BFF65 /* MyMovie1.mov */; };
		A86FA3A21C407570009BFF65 /* MyMovie2.mov in Resources */ = {isa = PBXBuildFile; fileRef = A86FA3A11C407570009BFF65 /* MyMovie2.mov */; };
		A87842371C3F2D3E00EB9A1E /* TheGame.mov in Resources */ = {isa = PBXBuildFile; fileRef = A87842361C3F2D3E00EB9A1E /* TheGame.mov */; };
		A87B9FBC1C3F40B000C4B8B7 /* SignUpViewController.swift in Sources */ = {isa = PBXBuildFile; fileRef = A87B9FBB1C3F40B000C4B8B7 /* SignUpViewController.swift */; };
		A8E814B11C4F432200DAED29 /* pressd.png in Resources */ = {isa = PBXBuildFile; fileRef = A8E814B01C4F432200DAED29 /* pressd.png */; };
		A8E814B31C4F43B800DAED29 /* pressd1.png in Resources */ = {isa = PBXBuildFile; fileRef = A8E814B21C4F43B800DAED29 /* pressd1.png */; };
		A8F0293D1C3E50F100ED95AE /* AppDelegate.swift in Sources */ = {isa = PBXBuildFile; fileRef = A8F0293C1C3E50F100ED95AE /* AppDelegate.swift */; };
		A8F0293F1C3E50F100ED95AE /* ViewController.swift in Sources */ = {isa = PBXBuildFile; fileRef = A8F0293E1C3E50F100ED95AE /* ViewController.swift */; };
		A8F029421C3E50F100ED95AE /* Main.storyboard in Resources */ = {isa = PBXBuildFile; fileRef = A8F029401C3E50F100ED95AE /* Main.storyboard */; };
		A8F029441C3E50F100ED95AE /* Assets.xcassets in Resources */ = {isa = PBXBuildFile; fileRef = A8F029431C3E50F100ED95AE /* Assets.xcassets */; };
		A8F029471C3E50F100ED95AE /* LaunchScreen.storyboard in Resources */ = {isa = PBXBuildFile; fileRef = A8F029451C3E50F100ED95AE /* LaunchScreen.storyboard */; };
		A8F029501C3E524400ED95AE /* Bolts.framework in Frameworks */ = {isa = PBXBuildFile; fileRef = A8F0294F1C3E524400ED95AE /* Bolts.framework */; };
		A8F029521C3E525B00ED95AE /* Parse.framework in Frameworks */ = {isa = PBXBuildFile; fileRef = A8F029511C3E525B00ED95AE /* Parse.framework */; };
		A8F0295B1C3E52E100ED95AE /* AudioToolbox.framework in Frameworks */ = {isa = PBXBuildFile; fileRef = A8F029531C3E52E100ED95AE /* AudioToolbox.framework */; };
		A8F0295C1C3E52E100ED95AE /* CFNetwork.framework in Frameworks */ = {isa = PBXBuildFile; fileRef = A8F029541C3E52E100ED95AE /* CFNetwork.framework */; };
		A8F0295D1C3E52E100ED95AE /* CoreGraphics.framework in Frameworks */ = {isa = PBXBuildFile; fileRef = A8F029551C3E52E100ED95AE /* CoreGraphics.framework */; };
		A8F0295E1C3E52E100ED95AE /* CoreLocation.framework in Frameworks */ = {isa = PBXBuildFile; fileRef = A8F029561C3E52E100ED95AE /* CoreLocation.framework */; };
		A8F0295F1C3E52E100ED95AE /* QuartzCore.framework in Frameworks */ = {isa = PBXBuildFile; fileRef = A8F029571C3E52E100ED95AE /* QuartzCore.framework */; };
		A8F029601C3E52E100ED95AE /* Security.framework in Frameworks */ = {isa = PBXBuildFile; fileRef = A8F029581C3E52E100ED95AE /* Security.framework */; };
		A8F029611C3E52E100ED95AE /* StoreKit.framework in Frameworks */ = {isa = PBXBuildFile; fileRef = A8F029591C3E52E100ED95AE /* StoreKit.framework */; };
		A8F029621C3E52E100ED95AE /* SystemConfiguration.framework in Frameworks */ = {isa = PBXBuildFile; fileRef = A8F0295A1C3E52E100ED95AE /* SystemConfiguration.framework */; };
		A8F029641C3E52EF00ED95AE /* libz.tbd in Frameworks */ = {isa = PBXBuildFile; fileRef = A8F029631C3E52EF00ED95AE /* libz.tbd */; };
		A8F029661C3E530500ED95AE /* libsqlite3.tbd in Frameworks */ = {isa = PBXBuildFile; fileRef = A8F029651C3E530500ED95AE /* libsqlite3.tbd */; };
		A8F029681C3E5B2D00ED95AE /* introVideo.mov in Resources */ = {isa = PBXBuildFile; fileRef = A8F029671C3E5B2D00ED95AE /* introVideo.mov */; };
		A8F3F88F1C51D027001E0FAA /* AppearlPopUpViewController.swift in Sources */ = {isa = PBXBuildFile; fileRef = A8F3F88E1C51D027001E0FAA /* AppearlPopUpViewController.swift */; };
		A8F40F921C50753800ED24E7 /* StoreViewController.swift in Sources */ = {isa = PBXBuildFile; fileRef = A8F40F911C50753800ED24E7 /* StoreViewController.swift */; };
		A8F40F941C507FAB00ED24E7 /* PopUpViewController.swift in Sources */ = {isa = PBXBuildFile; fileRef = A8F40F931C507FAB00ED24E7 /* PopUpViewController.swift */; };
/* End PBXBuildFile section */

/* Begin PBXFileReference section */
		A82619241C41CAF60012CE8D /* bg.png */ = {isa = PBXFileReference; lastKnownFileType = image.png; path = bg.png; sourceTree = "<group>"; };
		A826D5361C5098E300713F01 /* BlogViewController.swift */ = {isa = PBXFileReference; fileEncoding = 4; lastKnownFileType = sourcecode.swift; name = BlogViewController.swift; path = ../BlogViewController.swift; sourceTree = "<group>"; };
		A84E079D1C50D18C006C443B /* StoreCollectionViewCell.swift */ = {isa = PBXFileReference; fileEncoding = 4; lastKnownFileType = sourcecode.swift; path = StoreCollectionViewCell.swift; sourceTree = "<group>"; };
		A84E079F1C50D1D0006C443B /* StoreItemViewController.swift */ = {isa = PBXFileReference; fileEncoding = 4; lastKnownFileType = sourcecode.swift; path = StoreItemViewController.swift; sourceTree = "<group>"; };
		A84E07A11C50D57F006C443B /* tee.png */ = {isa = PBXFileReference; lastKnownFileType = image.png; path = tee.png; sourceTree = "<group>"; };
		A84E07A21C50D57F006C443B /* hoodie.png */ = {isa = PBXFileReference; lastKnownFileType = image.png; path = hoodie.png; sourceTree = "<group>"; };
		A86FA3991C4070E9009BFF65 /* MyMovie1.mov */ = {isa = PBXFileReference; lastKnownFileType = video.quicktime; path = MyMovie1.mov; sourceTree = "<group>"; };
		A86FA3A11C407570009BFF65 /* MyMovie2.mov */ = {isa = PBXFileReference; lastKnownFileType = video.quicktime; path = MyMovie2.mov; sourceTree = "<group>"; };
		A87842361C3F2D3E00EB9A1E /* TheGame.mov */ = {isa = PBXFileReference; lastKnownFileType = video.quicktime; path = TheGame.mov; sourceTree = "<group>"; };
		A87B9FBB1C3F40B000C4B8B7 /* SignUpViewController.swift */ = {isa = PBXFileReference; fileEncoding = 4; lastKnownFileType = sourcecode.swift; path = SignUpViewController.swift; sourceTree = "<group>"; };
		A8E814B01C4F432200DAED29 /* pressd.png */ = {isa = PBXFileReference; lastKnownFileType = image.png; path = pressd.png; sourceTree = "<group>"; };
		A8E814B21C4F43B800DAED29 /* pressd1.png */ = {isa = PBXFileReference; lastKnownFileType = image.png; path = pressd1.png; sourceTree = "<group>"; };
		A8F029391C3E50F100ED95AE /* Pressd.app */ = {isa = PBXFileReference; explicitFileType = wrapper.application; includeInIndex = 0; path = Pressd.app; sourceTree = BUILT_PRODUCTS_DIR; };
		A8F0293C1C3E50F100ED95AE /* AppDelegate.swift */ = {isa = PBXFileReference; lastKnownFileType = sourcecode.swift; path = AppDelegate.swift; sourceTree = "<group>"; };
		A8F0293E1C3E50F100ED95AE /* ViewController.swift */ = {isa = PBXFileReference; lastKnownFileType = sourcecode.swift; path = ViewController.swift; sourceTree = "<group>"; };
		A8F029411C3E50F100ED95AE /* Base */ = {isa = PBXFileReference; lastKnownFileType = file.storyboard; name = Base; path = Base.lproj/Main.storyboard; sourceTree = "<group>"; };
		A8F029431C3E50F100ED95AE /* Assets.xcassets */ = {isa = PBXFileReference; lastKnownFileType = folder.assetcatalog; path = Assets.xcassets; sourceTree = "<group>"; };
		A8F029461C3E50F100ED95AE /* Base */ = {isa = PBXFileReference; lastKnownFileType = file.storyboard; name = Base; path = Base.lproj/LaunchScreen.storyboard; sourceTree = "<group>"; };
		A8F029481C3E50F100ED95AE /* Info.plist */ = {isa = PBXFileReference; lastKnownFileType = text.plist.xml; path = Info.plist; sourceTree = "<group>"; };
		A8F0294F1C3E524400ED95AE /* Bolts.framework */ = {isa = PBXFileReference; lastKnownFileType = wrapper.framework; path = Bolts.framework; sourceTree = "<group>"; };
		A8F029511C3E525B00ED95AE /* Parse.framework */ = {isa = PBXFileReference; lastKnownFileType = wrapper.framework; path = Parse.framework; sourceTree = "<group>"; };
		A8F029531C3E52E100ED95AE /* AudioToolbox.framework */ = {isa = PBXFileReference; lastKnownFileType = wrapper.framework; name = AudioToolbox.framework; path = System/Library/Frameworks/AudioToolbox.framework; sourceTree = SDKROOT; };
		A8F029541C3E52E100ED95AE /* CFNetwork.framework */ = {isa = PBXFileReference; lastKnownFileType = wrapper.framework; name = CFNetwork.framework; path = System/Library/Frameworks/CFNetwork.framework; sourceTree = SDKROOT; };
		A8F029551C3E52E100ED95AE /* CoreGraphics.framework */ = {isa = PBXFileReference; lastKnownFileType = wrapper.framework; name = CoreGraphics.framework; path = System/Library/Frameworks/CoreGraphics.framework; sourceTree = SDKROOT; };
		A8F029561C3E52E100ED95AE /* CoreLocation.framework */ = {isa = PBXFileReference; lastKnownFileType = wrapper.framework; name = CoreLocation.framework; path = System/Library/Frameworks/CoreLocation.framework; sourceTree = SDKROOT; };
		A8F029571C3E52E100ED95AE /* QuartzCore.framework */ = {isa = PBXFileReference; lastKnownFileType = wrapper.framework; name = QuartzCore.framework; path = System/Library/Frameworks/QuartzCore.framework; sourceTree = SDKROOT; };
		A8F029581C3E52E100ED95AE /* Security.framework */ = {isa = PBXFileReference; lastKnownFileType = wrapper.framework; name = Security.framework; path = System/Library/Frameworks/Security.framework; sourceTree = SDKROOT; };
		A8F029591C3E52E100ED95AE /* StoreKit.framework */ = {isa = PBXFileReference; lastKnownFileType = wrapper.framework; name = StoreKit.framework; path = System/Library/Frameworks/StoreKit.framework; sourceTree = SDKROOT; };
		A8F0295A1C3E52E100ED95AE /* SystemConfiguration.framework */ = {isa = PBXFileReference; lastKnownFileType = wrapper.framework; name = SystemConfiguration.framework; path = System/Library/Frameworks/SystemConfiguration.framework; sourceTree = SDKROOT; };
		A8F029631C3E52EF00ED95AE /* libz.tbd */ = {isa = PBXFileReference; lastKnownFileType = "sourcecode.text-based-dylib-definition"; name = libz.tbd; path = usr/lib/libz.tbd; sourceTree = SDKROOT; };
		A8F029651C3E530500ED95AE /* libsqlite3.tbd */ = {isa = PBXFileReference; lastKnownFileType = "sourcecode.text-based-dylib-definition"; name = libsqlite3.tbd; path = usr/lib/libsqlite3.tbd; sourceTree = SDKROOT; };
		A8F029671C3E5B2D00ED95AE /* introVideo.mov */ = {isa = PBXFileReference; lastKnownFileType = video.quicktime; path = introVideo.mov; sourceTree = "<group>"; };
		A8F3F88E1C51D027001E0FAA /* AppearlPopUpViewController.swift */ = {isa = PBXFileReference; fileEncoding = 4; lastKnownFileType = sourcecode.swift; path = AppearlPopUpViewController.swift; sourceTree = "<group>"; };
		A8F40F911C50753800ED24E7 /* StoreViewController.swift */ = {isa = PBXFileReference; fileEncoding = 4; lastKnownFileType = sourcecode.swift; path = StoreViewController.swift; sourceTree = "<group>"; };
		A8F40F931C507FAB00ED24E7 /* PopUpViewController.swift */ = {isa = PBXFileReference; fileEncoding = 4; lastKnownFileType = sourcecode.swift; path = PopUpViewController.swift; sourceTree = "<group>"; };
/* End PBXFileReference section */

/* Begin PBXFrameworksBuildPhase section */
		A8F029361C3E50F100ED95AE /* Frameworks */ = {
			isa = PBXFrameworksBuildPhase;
			buildActionMask = 2147483647;
			files = (
				A8F029661C3E530500ED95AE /* libsqlite3.tbd in Frameworks */,
				A8F029641C3E52EF00ED95AE /* libz.tbd in Frameworks */,
				A8F0295B1C3E52E100ED95AE /* AudioToolbox.framework in Frameworks */,
				A8F0295C1C3E52E100ED95AE /* CFNetwork.framework in Frameworks */,
				A8F0295D1C3E52E100ED95AE /* CoreGraphics.framework in Frameworks */,
				A8F0295E1C3E52E100ED95AE /* CoreLocation.framework in Frameworks */,
				A8F0295F1C3E52E100ED95AE /* QuartzCore.framework in Frameworks */,
				A8F029601C3E52E100ED95AE /* Security.framework in Frameworks */,
				A8F029611C3E52E100ED95AE /* StoreKit.framework in Frameworks */,
				A8F029621C3E52E100ED95AE /* SystemConfiguration.framework in Frameworks */,
				A8F029521C3E525B00ED95AE /* Parse.framework in Frameworks */,
				A8F029501C3E524400ED95AE /* Bolts.framework in Frameworks */,
			);
			runOnlyForDeploymentPostprocessing = 0;
		};
/* End PBXFrameworksBuildPhase section */

/* Begin PBXGroup section */
		A8F029301C3E50F100ED95AE = {
			isa = PBXGroup;
			children = (
				A8F0293B1C3E50F100ED95AE /* Pressd */,
				A8F0293A1C3E50F100ED95AE /* Products */,
				A8F0294E1C3E512900ED95AE /* Frameworks */,
			);
			sourceTree = "<group>";
		};
		A8F0293A1C3E50F100ED95AE /* Products */ = {
			isa = PBXGroup;
			children = (
				A8F029391C3E50F100ED95AE /* Pressd.app */,
			);
			name = Products;
			sourceTree = "<group>";
		};
		A8F0293B1C3E50F100ED95AE /* Pressd */ = {
			isa = PBXGroup;
			children = (
				A8F0293C1C3E50F100ED95AE /* AppDelegate.swift */,
				A8F0293E1C3E50F100ED95AE /* ViewController.swift */,
				A87B9FBB1C3F40B000C4B8B7 /* SignUpViewController.swift */,
				A8F40F911C50753800ED24E7 /* StoreViewController.swift */,
				A84E079D1C50D18C006C443B /* StoreCollectionViewCell.swift */,
				A826D5361C5098E300713F01 /* BlogViewController.swift */,
				A8F40F931C507FAB00ED24E7 /* PopUpViewController.swift */,
				A84E079F1C50D1D0006C443B /* StoreItemViewController.swift */,
				A8F3F88E1C51D027001E0FAA /* AppearlPopUpViewController.swift */,
				A8F029401C3E50F100ED95AE /* Main.storyboard */,
				A8F029431C3E50F100ED95AE /* Assets.xcassets */,
				A8F029451C3E50F100ED95AE /* LaunchScreen.storyboard */,
				A8F029481C3E50F100ED95AE /* Info.plist */,
				A86FA3991C4070E9009BFF65 /* MyMovie1.mov */,
				A8E814B21C4F43B800DAED29 /* pressd1.png */,
				A8E814B01C4F432200DAED29 /* pressd.png */,
				A82619241C41CAF60012CE8D /* bg.png */,
				A86FA3A11C407570009BFF65 /* MyMovie2.mov */,
				A8F029671C3E5B2D00ED95AE /* introVideo.mov */,
				A87842361C3F2D3E00EB9A1E /* TheGame.mov */,
				A84E07A11C50D57F006C443B /* tee.png */,
				A84E07A21C50D57F006C443B /* hoodie.png */,
			);
			name = Pressd;
			path = Ober;
			sourceTree = "<group>";
		};
		A8F0294E1C3E512900ED95AE /* Frameworks */ = {
			isa = PBXGroup;
			children = (
				A8F029651C3E530500ED95AE /* libsqlite3.tbd */,
				A8F029631C3E52EF00ED95AE /* libz.tbd */,
				A8F029531C3E52E100ED95AE /* AudioToolbox.framework */,
				A8F029541C3E52E100ED95AE /* CFNetwork.framework */,
				A8F029551C3E52E100ED95AE /* CoreGraphics.framework */,
				A8F029561C3E52E100ED95AE /* CoreLocation.framework */,
				A8F029571C3E52E100ED95AE /* QuartzCore.framework */,
				A8F029581C3E52E100ED95AE /* Security.framework */,
				A8F029591C3E52E100ED95AE /* StoreKit.framework */,
				A8F0295A1C3E52E100ED95AE /* SystemConfiguration.framework */,
				A8F029511C3E525B00ED95AE /* Parse.framework */,
				A8F0294F1C3E524400ED95AE /* Bolts.framework */,
			);
			name = Frameworks;
			sourceTree = "<group>";
		};
/* End PBXGroup section */

/* Begin PBXNativeTarget section */
		A8F029381C3E50F100ED95AE /* Pressd */ = {
			isa = PBXNativeTarget;
			buildConfigurationList = A8F0294B1C3E50F100ED95AE /* Build configuration list for PBXNativeTarget "Pressd" */;
			buildPhases = (
				A8F029351C3E50F100ED95AE /* Sources */,
				A8F029361C3E50F100ED95AE /* Frameworks */,
				A8F029371C3E50F100ED95AE /* Resources */,
			);
			buildRules = (
			);
			dependencies = (
			);
			name = Pressd;
			productName = Ober;
			productReference = A8F029391C3E50F100ED95AE /* Pressd.app */;
			productType = "com.apple.product-type.application";
		};
/* End PBXNativeTarget section */

/* Begin PBXProject section */
		A8F029311C3E50F100ED95AE /* Project object */ = {
			isa = PBXProject;
			attributes = {
				LastSwiftUpdateCheck = 0720;
				LastUpgradeCheck = 0720;
				ORGANIZATIONNAME = "Mike Rizza";
				TargetAttributes = {
					A8F029381C3E50F100ED95AE = {
						CreatedOnToolsVersion = 7.2;
						DevelopmentTeam = 9PG2X92Q6R;
					};
				};
			};
			buildConfigurationList = A8F029341C3E50F100ED95AE /* Build configuration list for PBXProject "Pressd" */;
			compatibilityVersion = "Xcode 3.2";
			developmentRegion = English;
			hasScannedForEncodings = 0;
			knownRegions = (
				en,
				Base,
			);
			mainGroup = A8F029301C3E50F100ED95AE;
			productRefGroup = A8F0293A1C3E50F100ED95AE /* Products */;
			projectDirPath = "";
			projectRoot = "";
			targets = (
				A8F029381C3E50F100ED95AE /* Pressd */,
			);
		};
/* End PBXProject section */

/* Begin PBXResourcesBuildPhase section */
		A8F029371C3E50F100ED95AE /* Resources */ = {
			isa = PBXResourcesBuildPhase;
			buildActionMask = 2147483647;
			files = (
				A8F029471C3E50F100ED95AE /* LaunchScreen.storyboard in Resources */,
				A86FA39A1C4070E9009BFF65 /* MyMovie1.mov in Resources */,
				A82619251C41CAF60012CE8D /* bg.png in Resources */,
				A8E814B11C4F432200DAED29 /* pressd.png in Resources */,
				A8F029681C3E5B2D00ED95AE /* introVideo.mov in Resources */,
				A84E07A41C50D57F006C443B /* hoodie.png in Resources */,
				A8F029441C3E50F100ED95AE /* Assets.xcassets in Resources */,
				A8E814B31C4F43B800DAED29 /* pressd1.png in Resources */,
				A8F029421C3E50F100ED95AE /* Main.storyboard in Resources */,
				A84E07A31C50D57F006C443B /* tee.png in Resources */,
				A86FA3A21C407570009BFF65 /* MyMovie2.mov in Resources */,
				A87842371C3F2D3E00EB9A1E /* TheGame.mov in Resources */,
			);
			runOnlyForDeploymentPostprocessing = 0;
		};
/* End PBXResourcesBuildPhase section */

/* Begin PBXSourcesBuildPhase section */
		A8F029351C3E50F100ED95AE /* Sources */ = {
			isa = PBXSourcesBuildPhase;
			buildActionMask = 2147483647;
			files = (
				A84E079E1C50D18C006C443B /* StoreCollectionViewCell.swift in Sources */,
				A8F40F941C507FAB00ED24E7 /* PopUpViewController.swift in Sources */,
				A8F40F921C50753800ED24E7 /* StoreViewController.swift in Sources */,
				A84E07A01C50D1D0006C443B /* StoreItemViewController.swift in Sources */,
				A826D5371C5098E300713F01 /* BlogViewController.swift in Sources */,
				A87B9FBC1C3F40B000C4B8B7 /* SignUpViewController.swift in Sources */,
				A8F0293F1C3E50F100ED95AE /* ViewController.swift in Sources */,
				A8F0293D1C3E50F100ED95AE /* AppDelegate.swift in Sources */,
				A8F3F88F1C51D027001E0FAA /* AppearlPopUpViewController.swift in Sources */,
			);
			runOnlyForDeploymentPostprocessing = 0;
		};
/* End PBXSourcesBuildPhase section */

/* Begin PBXVariantGroup section */
		A8F029401C3E50F100ED95AE /* Main.storyboard */ = {
			isa = PBXVariantGroup;
			children = (
				A8F029411C3E50F100ED95AE /* Base */,
			);
			name = Main.storyboard;
			sourceTree = "<group>";
		};
		A8F029451C3E50F100ED95AE /* LaunchScreen.storyboard */ = {
			isa = PBXVariantGroup;
			children = (
				A8F029461C3E50F100ED95AE /* Base */,
			);
			name = LaunchScreen.storyboard;
			sourceTree = "<group>";
		};
/* End PBXVariantGroup section */

/* Begin XCBuildConfiguration section */
		A8F029491C3E50F100ED95AE /* Debug */ = {
			isa = XCBuildConfiguration;
			buildSettings = {
				ALWAYS_SEARCH_USER_PATHS = NO;
				CLANG_CXX_LANGUAGE_STANDARD = "gnu++0x";
				CLANG_CXX_LIBRARY = "libc++";
				CLANG_ENABLE_MODULES = YES;
				CLANG_ENABLE_OBJC_ARC = YES;
				CLANG_WARN_BOOL_CONVERSION = YES;
				CLANG_WARN_CONSTANT_CONVERSION = YES;
				CLANG_WARN_DIRECT_OBJC_ISA_USAGE = YES_ERROR;
				CLANG_WARN_EMPTY_BODY = YES;
				CLANG_WARN_ENUM_CONVERSION = YES;
				CLANG_WARN_INT_CONVERSION = YES;
				CLANG_WARN_OBJC_ROOT_CLASS = YES_ERROR;
				CLANG_WARN_UNREACHABLE_CODE = YES;
				CLANG_WARN__DUPLICATE_METHOD_MATCH = YES;
				"CODE_SIGN_IDENTITY[sdk=iphoneos*]" = "iPhone Developer";
				COPY_PHASE_STRIP = NO;
				DEBUG_INFORMATION_FORMAT = dwarf;
				ENABLE_STRICT_OBJC_MSGSEND = YES;
				ENABLE_TESTABILITY = YES;
				GCC_C_LANGUAGE_STANDARD = gnu99;
				GCC_DYNAMIC_NO_PIC = NO;
				GCC_NO_COMMON_BLOCKS = YES;
				GCC_OPTIMIZATION_LEVEL = 0;
				GCC_PREPROCESSOR_DEFINITIONS = (
					"DEBUG=1",
					"$(inherited)",
				);
				GCC_WARN_64_TO_32_BIT_CONVERSION = YES;
				GCC_WARN_ABOUT_RETURN_TYPE = YES_ERROR;
				GCC_WARN_UNDECLARED_SELECTOR = YES;
				GCC_WARN_UNINITIALIZED_AUTOS = YES_AGGRESSIVE;
				GCC_WARN_UNUSED_FUNCTION = YES;
				GCC_WARN_UNUSED_VARIABLE = YES;
				IPHONEOS_DEPLOYMENT_TARGET = 9.2;
				MTL_ENABLE_DEBUG_INFO = YES;
				ONLY_ACTIVE_ARCH = YES;
				SDKROOT = iphoneos;
				SWIFT_OPTIMIZATION_LEVEL = "-Onone";
				TARGETED_DEVICE_FAMILY = "1,2";
			};
			name = Debug;
		};
		A8F0294A1C3E50F100ED95AE /* Release */ = {
			isa = XCBuildConfiguration;
			buildSettings = {
				ALWAYS_SEARCH_USER_PATHS = NO;
				CLANG_CXX_LANGUAGE_STANDARD = "gnu++0x";
				CLANG_CXX_LIBRARY = "libc++";
				CLANG_ENABLE_MODULES = YES;
				CLANG_ENABLE_OBJC_ARC = YES;
				CLANG_WARN_BOOL_CONVERSION = YES;
				CLANG_WARN_CONSTANT_CONVERSION = YES;
				CLANG_WARN_DIRECT_OBJC_ISA_USAGE = YES_ERROR;
				CLANG_WARN_EMPTY_BODY = YES;
				CLANG_WARN_ENUM_CONVERSION = YES;
				CLANG_WARN_INT_CONVERSION = YES;
				CLANG_WARN_OBJC_ROOT_CLASS = YES_ERROR;
				CLANG_WARN_UNREACHABLE_CODE = YES;
				CLANG_WARN__DUPLICATE_METHOD_MATCH = YES;
				"CODE_SIGN_IDENTITY[sdk=iphoneos*]" = "iPhone Developer";
				COPY_PHASE_STRIP = NO;
				DEBUG_INFORMATION_FORMAT = "dwarf-with-dsym";
				ENABLE_NS_ASSERTIONS = NO;
				ENABLE_STRICT_OBJC_MSGSEND = YES;
				GCC_C_LANGUAGE_STANDARD = gnu99;
				GCC_NO_COMMON_BLOCKS = YES;
				GCC_WARN_64_TO_32_BIT_CONVERSION = YES;
				GCC_WARN_ABOUT_RETURN_TYPE = YES_ERROR;
				GCC_WARN_UNDECLARED_SELECTOR = YES;
				GCC_WARN_UNINITIALIZED_AUTOS = YES_AGGRESSIVE;
				GCC_WARN_UNUSED_FUNCTION = YES;
				GCC_WARN_UNUSED_VARIABLE = YES;
				IPHONEOS_DEPLOYMENT_TARGET = 9.2;
				MTL_ENABLE_DEBUG_INFO = NO;
				SDKROOT = iphoneos;
				TARGETED_DEVICE_FAMILY = "1,2";
				VALIDATE_PRODUCT = YES;
			};
			name = Release;
		};
		A8F0294C1C3E50F100ED95AE /* Debug */ = {
			isa = XCBuildConfiguration;
			buildSettings = {
				ASSETCATALOG_COMPILER_APPICON_NAME = AppIcon;
				COMPRESS_PNG_FILES = NO;
				FRAMEWORK_SEARCH_PATHS = (
					"$(inherited)",
					"$(PROJECT_DIR)",
				);
				INFOPLIST_FILE = Ober/Info.plist;
				LD_RUNPATH_SEARCH_PATHS = "$(inherited) @executable_path/Frameworks";
				PRODUCT_BUNDLE_IDENTIFIER = com.mikerizza.assignment6.Ober;
				PRODUCT_NAME = Pressd;
			};
			name = Debug;
		};
		A8F0294D1C3E50F100ED95AE /* Release */ = {
			isa = XCBuildConfiguration;
			buildSettings = {
				ASSETCATALOG_COMPILER_APPICON_NAME = AppIcon;
				COMPRESS_PNG_FILES = NO;
				FRAMEWORK_SEARCH_PATHS = (
					"$(inherited)",
					"$(PROJECT_DIR)",
				);
				INFOPLIST_FILE = Ober/Info.plist;
				LD_RUNPATH_SEARCH_PATHS = "$(inherited) @executable_path/Frameworks";
				PRODUCT_BUNDLE_IDENTIFIER = com.mikerizza.assignment6.Ober;
				PRODUCT_NAME = Pressd;
			};
			name = Release;
		};
/* End XCBuildConfiguration section */

/* Begin XCConfigurationList section */
		A8F029341C3E50F100ED95AE /* Build configuration list for PBXProject "Pressd" */ = {
			isa = XCConfigurationList;
			buildConfigurations = (
				A8F029491C3E50F100ED95AE /* Debug */,
				A8F0294A1C3E50F100ED95AE /* Release */,
			);
			defaultConfigurationIsVisible = 0;
			defaultConfigurationName = Release;
		};
		A8F0294B1C3E50F100ED95AE /* Build configuration list for PBXNativeTarget "Pressd" */ = {
			isa = XCConfigurationList;
			buildConfigurations = (
				A8F0294C1C3E50F100ED95AE /* Debug */,
				A8F0294D1C3E50F100ED95AE /* Release */,
			);
			defaultConfigurationIsVisible = 0;
			defaultConfigurationName = Release;
		};
/* End XCConfigurationList section */
	};
	rootObject = A8F029311C3E50F100ED95AE /* Project object */;
}
